
Microsoft Visual Studio Solution File, Format Version 12.00
# Visual Studio Version 16
VisualStudioVersion = 16.0.31229.75
MinimumVisualStudioVersion = 10.0.40219.1
Project("{FAE04EC0-301F-11D3-BF4B-00C04F79EFBC}") = "BlazorUI", "BlazorUI\BlazorUI.csproj", "{AB1227F4-0A31-4708-9AFD-DDCE3826B11D}"
EndProject
Project("{FAE04EC0-301F-11D3-BF4B-00C04F79EFBC}") = "DemoLibrary", "DemoLibrary\DemoLibrary.csproj", "{A96058F0-3DC9-4D5B-B749-B467507AD0E3}"
EndProject
Global
	GlobalSection(SolutionConfigurationPlatforms) = preSolution
		Debug|Any CPU = Debug|Any CPU
		Release|Any CPU = Release|Any CPU
	EndGlobalSection
	GlobalSection(ProjectConfigurationPlatforms) = postSolution
		{AB1227F4-0A31-4708-9AFD-DDCE3826B11D}.Debug|Any CPU.ActiveCfg = Debug|Any CPU
		{AB1227F4-0A31-4708-9AFD-DDCE3826B11D}.Debug|Any CPU.Build.0 = Debug|Any CPU
		{AB1227F4-0A31-4708-9AFD-DDCE3826B11D}.Release|Any CPU.ActiveCfg = Release|Any CPU
		{AB1227F4-0A31-4708-9AFD-DDCE3826B11D}.Release|Any CPU.Build.0 = Release|Any CPU
		{A96058F0-3DC9-4D5B-B749-B467507AD0E3}.Debug|Any CPU.ActiveCfg = Debug|Any CPU
		{A96058F0-3DC9-4D5B-B749-B467507AD0E3}.Debug|Any CPU.Build.0 = Debug|Any CPU
		{A96058F0-3DC9-4D5B-B749-B467507AD0E3}.Release|Any CPU.ActiveCfg = Release|Any CPU
		{A96058F0-3DC9-4D5B-B749-B467507AD0E3}.Release|Any CPU.Build.0 = Release|Any CPU
	EndGlobalSection
	GlobalSection(SolutionProperties) = preSolution
		HideSolutionNode = FALSE
	EndGlobalSection
	GlobalSection(ExtensibilityGlobals) = postSolution
		SolutionGuid = {3BD1BA75-0023-4722-A68B-FBED3CA9CE20}
	EndGlobalSection
EndGlobal
